{
  "requires": true,
  "lockfileVersion": 1,
  "dependencies": {
    "react-scroll-rotate": {
      "version": "0.0.7",
      "resolved": "https://registry.npmjs.org/react-scroll-rotate/-/react-scroll-rotate-0.0.7.tgz",
      "integrity": "sha512-Sfjlo5CnzRjQ/Dl5jticKqs/sNUjNsTwNQTmh8DFb6x+sh3xNT8cdIBzyT93hryJ08gpdaEqFsCyxD3Z+9E2VA=="
    }
  }
}
